
Microsoft Visual Studio Solution File, Format Version 11.00
# Visual Studio 2010
Project("{FAE04EC0-301F-11D3-BF4B-00C04F79EFBC}") = "UnityEditor.UI", "UnityEditor.UI.csproj", "{6daa0db5-e6d7-9435-8192-db6f106fe95d}"
EndProject
Project("{FAE04EC0-301F-11D3-BF4B-00C04F79EFBC}") = "UnityEngine.UI", "UnityEngine.UI.csproj", "{f091db76-8325-e11e-80c0-09f5c75fff08}"
EndProject
Project("{FAE04EC0-301F-11D3-BF4B-00C04F79EFBC}") = "Assembly-CSharp-firstpass", "Assembly-CSharp-firstpass.csproj", "{9b75ee66-4621-dfae-5ddf-a016a22e3669}"
EndProject
Project("{FAE04EC0-301F-11D3-BF4B-00C04F79EFBC}") = "Assembly-CSharp", "Assembly-CSharp.csproj", "{92ac0155-ad97-5fde-280f-6f35a862dff1}"
EndProject
Project("{FAE04EC0-301F-11D3-BF4B-00C04F79EFBC}") = "UnityEngine.UI.Tests", "UnityEngine.UI.Tests.csproj", "{0250cd5a-315f-201c-9ef9-8fc4a6c02042}"
EndProject
Project("{FAE04EC0-301F-11D3-BF4B-00C04F79EFBC}") = "UnityEditor.UI.EditorTests", "UnityEditor.UI.EditorTests.csproj", "{c7963ec7-3bed-b2d1-ea74-fb27784e01be}"
EndProject
Global
	GlobalSection(SolutionConfigurationPlatforms) = preSolution
		Debug|Any CPU = Debug|Any CPU
	EndGlobalSection
	GlobalSection(ProjectConfigurationPlatforms) = postSolution
		{6daa0db5-e6d7-9435-8192-db6f106fe95d}.Debug|Any CPU.ActiveCfg = Debug|Any CPU
		{6daa0db5-e6d7-9435-8192-db6f106fe95d}.Debug|Any CPU.Build.0 = Debug|Any CPU
		{f091db76-8325-e11e-80c0-09f5c75fff08}.Debug|Any CPU.ActiveCfg = Debug|Any CPU
		{f091db76-8325-e11e-80c0-09f5c75fff08}.Debug|Any CPU.Build.0 = Debug|Any CPU
		{9b75ee66-4621-dfae-5ddf-a016a22e3669}.Debug|Any CPU.ActiveCfg = Debug|Any CPU
		{9b75ee66-4621-dfae-5ddf-a016a22e3669}.Debug|Any CPU.Build.0 = Debug|Any CPU
		{92ac0155-ad97-5fde-280f-6f35a862dff1}.Debug|Any CPU.ActiveCfg = Debug|Any CPU
		{92ac0155-ad97-5fde-280f-6f35a862dff1}.Debug|Any CPU.Build.0 = Debug|Any CPU
		{0250cd5a-315f-201c-9ef9-8fc4a6c02042}.Debug|Any CPU.ActiveCfg = Debug|Any CPU
		{0250cd5a-315f-201c-9ef9-8fc4a6c02042}.Debug|Any CPU.Build.0 = Debug|Any CPU
		{c7963ec7-3bed-b2d1-ea74-fb27784e01be}.Debug|Any CPU.ActiveCfg = Debug|Any CPU
		{c7963ec7-3bed-b2d1-ea74-fb27784e01be}.Debug|Any CPU.Build.0 = Debug|Any CPU
	EndGlobalSection
	GlobalSection(SolutionProperties) = preSolution
		HideSolutionNode = FALSE
	EndGlobalSection
EndGlobal
